
Microsoft Visual Studio Solution File, Format Version 12.00
# Visual Studio Version 17
VisualStudioVersion = 17.11.35125.118
MinimumVisualStudioVersion = 10.0.40219.1
Project("{FAE04EC0-301F-11D3-BF4B-00C04F79EFBC}") = "OnRoadVehicleBreakdownAssistance", "OnRoadVehicleBreakdownAssistance\OnRoadVehicleBreakdownAssistance.csproj", "{B105D393-74F2-464B-AE86-3E8B81ABB964}"
EndProject
Global
	GlobalSection(SolutionConfigurationPlatforms) = preSolution
		Debug|Any CPU = Debug|Any CPU
		Release|Any CPU = Release|Any CPU
	EndGlobalSection
	GlobalSection(ProjectConfigurationPlatforms) = postSolution
		{B105D393-74F2-464B-AE86-3E8B81ABB964}.Debug|Any CPU.ActiveCfg = Debug|Any CPU
		{B105D393-74F2-464B-AE86-3E8B81ABB964}.Debug|Any CPU.Build.0 = Debug|Any CPU
		{B105D393-74F2-464B-AE86-3E8B81ABB964}.Release|Any CPU.ActiveCfg = Release|Any CPU
		{B105D393-74F2-464B-AE86-3E8B81ABB964}.Release|Any CPU.Build.0 = Release|Any CPU
	EndGlobalSection
	GlobalSection(SolutionProperties) = preSolution
		HideSolutionNode = FALSE
	EndGlobalSection
	GlobalSection(ExtensibilityGlobals) = postSolution
		SolutionGuid = {1CC428FD-D3C2-448D-BA7B-8AF5E16C7409}
	EndGlobalSection
EndGlobal
